
Microsoft Visual Studio Solution File, Format Version 12.00
# Visual Studio Version 16
VisualStudioVersion = 16.0.30717.126
MinimumVisualStudioVersion = 10.0.40219.1
Project("{9A19103F-16F7-4668-BE54-9A1E7A4F7556}") = "aicup2020", "aicup2020.csproj", "{634F7399-E83A-4752-B72F-6A5A41FD73E2}"
EndProject
Global
	GlobalSection(SolutionConfigurationPlatforms) = preSolution
		Debug|Any CPU = Debug|Any CPU
		Release|Any CPU = Release|Any CPU
	EndGlobalSection
	GlobalSection(ProjectConfigurationPlatforms) = postSolution
		{634F7399-E83A-4752-B72F-6A5A41FD73E2}.Debug|Any CPU.ActiveCfg = Debug|Any CPU
		{634F7399-E83A-4752-B72F-6A5A41FD73E2}.Debug|Any CPU.Build.0 = Debug|Any CPU
		{634F7399-E83A-4752-B72F-6A5A41FD73E2}.Release|Any CPU.ActiveCfg = Release|Any CPU
		{634F7399-E83A-4752-B72F-6A5A41FD73E2}.Release|Any CPU.Build.0 = Release|Any CPU
	EndGlobalSection
	GlobalSection(SolutionProperties) = preSolution
		HideSolutionNode = FALSE
	EndGlobalSection
	GlobalSection(ExtensibilityGlobals) = postSolution
		SolutionGuid = {32F00E4B-5E9E-4CD3-B333-70612271A3BD}
	EndGlobalSection
EndGlobal
